
Microsoft Visual Studio Solution File, Format Version 12.00
# Visual Studio Version 17
VisualStudioVersion = 17.0.31903.59
MinimumVisualStudioVersion = 10.0.40219.1
Project("{2150E333-8FDC-42A3-9474-1A3956D46DE8}") = "AdService", "AdService", "{2EB37FB2-6A6D-49A6-9EF8-61FC42B8272D}"
EndProject
Project("{2150E333-8FDC-42A3-9474-1A3956D46DE8}") = "Domain", "Domain", "{3FA6BF52-BD33-4711-A30B-11A2A81F3CEA}"
EndProject
Project("{9A19103F-16F7-4668-BE54-9A1E7A4F7556}") = "AdService.Domain.Entities", "AdService.Domain.Entities\AdService.Domain.Entities.csproj", "{4F27DEDB-D60D-43C0-93C7-185AFEE60E3C}"
EndProject
Project("{2150E333-8FDC-42A3-9474-1A3956D46DE8}") = "Infrastructure", "Infrastructure", "{6507DB46-0C63-49CE-BA0E-7522B7EC6BDC}"
EndProject
Project("{9A19103F-16F7-4668-BE54-9A1E7A4F7556}") = "AdService.Infrastructure.EntityFramework", "AdService.Infrastructure.EntityFramework\AdService.Infrastructure.EntityFramework.csproj", "{99D448AD-9E97-4588-80CD-5A8AC2293DA9}"
EndProject
Project("{9A19103F-16F7-4668-BE54-9A1E7A4F7556}") = "AdService.Domain.Abstractions", "AdService.Domain.Abstractions\AdService.Domain.Abstractions.csproj", "{CEC478DF-F5A9-400B-A8B2-F59A8870138F}"
EndProject
Project("{9A19103F-16F7-4668-BE54-9A1E7A4F7556}") = "AdService.Infrastructure.Repositories", "AdService.Infrastructure.Repositories\AdService.Infrastructure.Repositories.csproj", "{CFEA4F5E-F14B-455B-9330-662BB8D602B9}"
EndProject
Global
	GlobalSection(SolutionConfigurationPlatforms) = preSolution
		Debug|Any CPU = Debug|Any CPU
		Release|Any CPU = Release|Any CPU
	EndGlobalSection
	GlobalSection(ProjectConfigurationPlatforms) = postSolution
		{4F27DEDB-D60D-43C0-93C7-185AFEE60E3C}.Debug|Any CPU.ActiveCfg = Debug|Any CPU
		{4F27DEDB-D60D-43C0-93C7-185AFEE60E3C}.Debug|Any CPU.Build.0 = Debug|Any CPU
		{4F27DEDB-D60D-43C0-93C7-185AFEE60E3C}.Release|Any CPU.ActiveCfg = Release|Any CPU
		{4F27DEDB-D60D-43C0-93C7-185AFEE60E3C}.Release|Any CPU.Build.0 = Release|Any CPU
		{99D448AD-9E97-4588-80CD-5A8AC2293DA9}.Debug|Any CPU.ActiveCfg = Debug|Any CPU
		{99D448AD-9E97-4588-80CD-5A8AC2293DA9}.Debug|Any CPU.Build.0 = Debug|Any CPU
		{99D448AD-9E97-4588-80CD-5A8AC2293DA9}.Release|Any CPU.ActiveCfg = Release|Any CPU
		{99D448AD-9E97-4588-80CD-5A8AC2293DA9}.Release|Any CPU.Build.0 = Release|Any CPU
		{CEC478DF-F5A9-400B-A8B2-F59A8870138F}.Debug|Any CPU.ActiveCfg = Debug|Any CPU
		{CEC478DF-F5A9-400B-A8B2-F59A8870138F}.Debug|Any CPU.Build.0 = Debug|Any CPU
		{CEC478DF-F5A9-400B-A8B2-F59A8870138F}.Release|Any CPU.ActiveCfg = Release|Any CPU
		{CEC478DF-F5A9-400B-A8B2-F59A8870138F}.Release|Any CPU.Build.0 = Release|Any CPU
		{CFEA4F5E-F14B-455B-9330-662BB8D602B9}.Debug|Any CPU.ActiveCfg = Debug|Any CPU
		{CFEA4F5E-F14B-455B-9330-662BB8D602B9}.Debug|Any CPU.Build.0 = Debug|Any CPU
		{CFEA4F5E-F14B-455B-9330-662BB8D602B9}.Release|Any CPU.ActiveCfg = Release|Any CPU
		{CFEA4F5E-F14B-455B-9330-662BB8D602B9}.Release|Any CPU.Build.0 = Release|Any CPU
	EndGlobalSection
	GlobalSection(SolutionProperties) = preSolution
		HideSolutionNode = FALSE
	EndGlobalSection
	GlobalSection(NestedProjects) = preSolution
		{3FA6BF52-BD33-4711-A30B-11A2A81F3CEA} = {2EB37FB2-6A6D-49A6-9EF8-61FC42B8272D}
		{4F27DEDB-D60D-43C0-93C7-185AFEE60E3C} = {3FA6BF52-BD33-4711-A30B-11A2A81F3CEA}
		{6507DB46-0C63-49CE-BA0E-7522B7EC6BDC} = {2EB37FB2-6A6D-49A6-9EF8-61FC42B8272D}
		{99D448AD-9E97-4588-80CD-5A8AC2293DA9} = {6507DB46-0C63-49CE-BA0E-7522B7EC6BDC}
		{CEC478DF-F5A9-400B-A8B2-F59A8870138F} = {3FA6BF52-BD33-4711-A30B-11A2A81F3CEA}
		{CFEA4F5E-F14B-455B-9330-662BB8D602B9} = {6507DB46-0C63-49CE-BA0E-7522B7EC6BDC}
	EndGlobalSection
	GlobalSection(ExtensibilityGlobals) = postSolution
		SolutionGuid = {71C87EF6-3A34-4F9F-AC4E-55214E88150A}
	EndGlobalSection
EndGlobal
