
Microsoft Visual Studio Solution File, Format Version 12.00
# Visual Studio Version 17
VisualStudioVersion = 17.0.31903.59
MinimumVisualStudioVersion = 10.0.40219.1
Project("{2150E333-8FDC-42A3-9474-1A3956D46DE8}") = "CoreService", "CoreService", "{2EB37FB2-6A6D-49A6-9EF8-61FC42B8272D}"
EndProject
Project("{9A19103F-16F7-4668-BE54-9A1E7A4F7556}") = "AdvertisingService.Gateway", "AdvertisingService.Gateway\AdvertisingService.Gateway.csproj", "{71601870-1D75-420A-8D64-EF4AC52B46E6}"
EndProject
Project("{9A19103F-16F7-4668-BE54-9A1E7A4F7556}") = "AdvertisingService.Customers", "AdvertisingService.Customers\AdvertisingService.Customers.csproj", "{878E8B6D-2807-4E66-B935-E9AD7F8C4A85}"
EndProject
Project("{9A19103F-16F7-4668-BE54-9A1E7A4F7556}") = "AnnouncementsService.Domain.Entities", "AnnouncementsService.Domain.Entities\AnnouncementsService.Domain.Entities.csproj", "{5247FE23-C2EA-4F9E-B792-32CE089539BE}"
EndProject
Project("{2150E333-8FDC-42A3-9474-1A3956D46DE8}") = "Domain", "Domain", "{29B8749C-F455-4473-9C59-BD07B422EE08}"
EndProject
Project("{9A19103F-16F7-4668-BE54-9A1E7A4F7556}") = "AnnouncementsService.Domain.Abstractions", "AnnouncementsService.Domain.Abstractions\AnnouncementsService.Domain.Abstractions.csproj", "{70EA3721-CE8F-4F53-9D16-35EB725F10FB}"
EndProject
Project("{2150E333-8FDC-42A3-9474-1A3956D46DE8}") = "Application", "Application", "{F2819EAD-80D7-46CF-A98B-699D7D6D6AD8}"
EndProject
Project("{2150E333-8FDC-42A3-9474-1A3956D46DE8}") = "Infrastructure", "Infrastructure", "{12CDEDCA-A215-46A2-A55E-DBFE21D8AE10}"
EndProject
Project("{9A19103F-16F7-4668-BE54-9A1E7A4F7556}") = "AnnouncementsService.Infrastructure.EfDbContext", "AnnouncementsService.Infrastructure.EfDbContext\AnnouncementsService.Infrastructure.EfDbContext.csproj", "{BE52BC3B-1568-4392-8443-A9AF820BE468}"
EndProject
Project("{9A19103F-16F7-4668-BE54-9A1E7A4F7556}") = "AnnouncementsSerivice.Application.Services", "AnnouncementsSerivice.Application.Services\AnnouncementsSerivice.Application.Services.csproj", "{A1642C4B-ABDE-48AE-AAC1-400B462B0E03}"
EndProject
Project("{2150E333-8FDC-42A3-9474-1A3956D46DE8}") = "Hosts", "Hosts", "{5E0857FE-A68C-4A7A-AD85-7E211ABB6D48}"
EndProject
Project("{9A19103F-16F7-4668-BE54-9A1E7A4F7556}") = "AnnouncementsService.Host.RestfulAPI", "AnnouncementsService.Host.RestfulAPI\AnnouncementsService.Host.RestfulAPI.csproj", "{6FA435C2-52CD-48ED-9EFA-429C08FC3C06}"
EndProject
Project("{FAE04EC0-301F-11D3-BF4B-00C04F79EFBC}") = "AnnouncementsService.Infrastructure.Repositories", "AnnouncementsService.Infrastructure.Repositories\AnnouncementsService.Infrastructure.Repositories.csproj", "{D3B9A6F3-C8D6-4A8D-A6FF-41463B75EEA4}"
EndProject
Project("{9A19103F-16F7-4668-BE54-9A1E7A4F7556}") = "AdvertisingService.UI", "AdvertisingService.UI\AdvertisingService.UI.csproj", "{E474F31F-A45B-4784-B4EE-615E55685DF3}"
EndProject
Global
	GlobalSection(SolutionConfigurationPlatforms) = preSolution
		Debug|Any CPU = Debug|Any CPU
		Release|Any CPU = Release|Any CPU
	EndGlobalSection
	GlobalSection(ProjectConfigurationPlatforms) = postSolution
		{71601870-1D75-420A-8D64-EF4AC52B46E6}.Debug|Any CPU.ActiveCfg = Debug|Any CPU
		{71601870-1D75-420A-8D64-EF4AC52B46E6}.Debug|Any CPU.Build.0 = Debug|Any CPU
		{71601870-1D75-420A-8D64-EF4AC52B46E6}.Release|Any CPU.ActiveCfg = Release|Any CPU
		{71601870-1D75-420A-8D64-EF4AC52B46E6}.Release|Any CPU.Build.0 = Release|Any CPU
		{878E8B6D-2807-4E66-B935-E9AD7F8C4A85}.Debug|Any CPU.ActiveCfg = Debug|Any CPU
		{878E8B6D-2807-4E66-B935-E9AD7F8C4A85}.Debug|Any CPU.Build.0 = Debug|Any CPU
		{878E8B6D-2807-4E66-B935-E9AD7F8C4A85}.Release|Any CPU.ActiveCfg = Release|Any CPU
		{878E8B6D-2807-4E66-B935-E9AD7F8C4A85}.Release|Any CPU.Build.0 = Release|Any CPU
		{5247FE23-C2EA-4F9E-B792-32CE089539BE}.Debug|Any CPU.ActiveCfg = Debug|Any CPU
		{5247FE23-C2EA-4F9E-B792-32CE089539BE}.Debug|Any CPU.Build.0 = Debug|Any CPU
		{5247FE23-C2EA-4F9E-B792-32CE089539BE}.Release|Any CPU.ActiveCfg = Release|Any CPU
		{5247FE23-C2EA-4F9E-B792-32CE089539BE}.Release|Any CPU.Build.0 = Release|Any CPU
		{70EA3721-CE8F-4F53-9D16-35EB725F10FB}.Debug|Any CPU.ActiveCfg = Debug|Any CPU
		{70EA3721-CE8F-4F53-9D16-35EB725F10FB}.Debug|Any CPU.Build.0 = Debug|Any CPU
		{70EA3721-CE8F-4F53-9D16-35EB725F10FB}.Release|Any CPU.ActiveCfg = Release|Any CPU
		{70EA3721-CE8F-4F53-9D16-35EB725F10FB}.Release|Any CPU.Build.0 = Release|Any CPU
		{BE52BC3B-1568-4392-8443-A9AF820BE468}.Debug|Any CPU.ActiveCfg = Debug|Any CPU
		{BE52BC3B-1568-4392-8443-A9AF820BE468}.Debug|Any CPU.Build.0 = Debug|Any CPU
		{BE52BC3B-1568-4392-8443-A9AF820BE468}.Release|Any CPU.ActiveCfg = Release|Any CPU
		{BE52BC3B-1568-4392-8443-A9AF820BE468}.Release|Any CPU.Build.0 = Release|Any CPU
		{A1642C4B-ABDE-48AE-AAC1-400B462B0E03}.Debug|Any CPU.ActiveCfg = Debug|Any CPU
		{A1642C4B-ABDE-48AE-AAC1-400B462B0E03}.Debug|Any CPU.Build.0 = Debug|Any CPU
		{A1642C4B-ABDE-48AE-AAC1-400B462B0E03}.Release|Any CPU.ActiveCfg = Release|Any CPU
		{A1642C4B-ABDE-48AE-AAC1-400B462B0E03}.Release|Any CPU.Build.0 = Release|Any CPU
		{6FA435C2-52CD-48ED-9EFA-429C08FC3C06}.Debug|Any CPU.ActiveCfg = Debug|Any CPU
		{6FA435C2-52CD-48ED-9EFA-429C08FC3C06}.Debug|Any CPU.Build.0 = Debug|Any CPU
		{6FA435C2-52CD-48ED-9EFA-429C08FC3C06}.Release|Any CPU.ActiveCfg = Release|Any CPU
		{6FA435C2-52CD-48ED-9EFA-429C08FC3C06}.Release|Any CPU.Build.0 = Release|Any CPU
		{D3B9A6F3-C8D6-4A8D-A6FF-41463B75EEA4}.Debug|Any CPU.ActiveCfg = Debug|Any CPU
		{D3B9A6F3-C8D6-4A8D-A6FF-41463B75EEA4}.Debug|Any CPU.Build.0 = Debug|Any CPU
		{D3B9A6F3-C8D6-4A8D-A6FF-41463B75EEA4}.Release|Any CPU.ActiveCfg = Release|Any CPU
		{D3B9A6F3-C8D6-4A8D-A6FF-41463B75EEA4}.Release|Any CPU.Build.0 = Release|Any CPU
		{E474F31F-A45B-4784-B4EE-615E55685DF3}.Debug|Any CPU.ActiveCfg = Debug|Any CPU
		{E474F31F-A45B-4784-B4EE-615E55685DF3}.Debug|Any CPU.Build.0 = Debug|Any CPU
		{E474F31F-A45B-4784-B4EE-615E55685DF3}.Release|Any CPU.ActiveCfg = Release|Any CPU
		{E474F31F-A45B-4784-B4EE-615E55685DF3}.Release|Any CPU.Build.0 = Release|Any CPU
	EndGlobalSection
	GlobalSection(SolutionProperties) = preSolution
		HideSolutionNode = FALSE
	EndGlobalSection
	GlobalSection(NestedProjects) = preSolution
		{5247FE23-C2EA-4F9E-B792-32CE089539BE} = {29B8749C-F455-4473-9C59-BD07B422EE08}
		{29B8749C-F455-4473-9C59-BD07B422EE08} = {2EB37FB2-6A6D-49A6-9EF8-61FC42B8272D}
		{70EA3721-CE8F-4F53-9D16-35EB725F10FB} = {29B8749C-F455-4473-9C59-BD07B422EE08}
		{F2819EAD-80D7-46CF-A98B-699D7D6D6AD8} = {2EB37FB2-6A6D-49A6-9EF8-61FC42B8272D}
		{12CDEDCA-A215-46A2-A55E-DBFE21D8AE10} = {2EB37FB2-6A6D-49A6-9EF8-61FC42B8272D}
		{BE52BC3B-1568-4392-8443-A9AF820BE468} = {12CDEDCA-A215-46A2-A55E-DBFE21D8AE10}
		{A1642C4B-ABDE-48AE-AAC1-400B462B0E03} = {F2819EAD-80D7-46CF-A98B-699D7D6D6AD8}
		{5E0857FE-A68C-4A7A-AD85-7E211ABB6D48} = {2EB37FB2-6A6D-49A6-9EF8-61FC42B8272D}
		{6FA435C2-52CD-48ED-9EFA-429C08FC3C06} = {5E0857FE-A68C-4A7A-AD85-7E211ABB6D48}
		{D3B9A6F3-C8D6-4A8D-A6FF-41463B75EEA4} = {12CDEDCA-A215-46A2-A55E-DBFE21D8AE10}
	EndGlobalSection
	GlobalSection(ExtensibilityGlobals) = postSolution
		SolutionGuid = {71C87EF6-3A34-4F9F-AC4E-55214E88150A}
	EndGlobalSection
EndGlobal
